
Microsoft Visual Studio Solution File, Format Version 12.00
# Visual Studio Version 17
VisualStudioVersion = 17.14.36623.8 d17.14
MinimumVisualStudioVersion = 10.0.40219.1
Project("{FAE04EC0-301F-11D3-BF4B-00C04F79EFBC}") = "BlueCloudK.WpfMusicTilesAI", "BlueCloudK.WpfMusicTilesAI\BlueCloudK.WpfMusicTilesAI.csproj", "{9C9EED79-9F01-4F1B-BC5A-B3E666DC6393}"
EndProject
Global
	GlobalSection(SolutionConfigurationPlatforms) = preSolution
		Debug|Any CPU = Debug|Any CPU
		Release|Any CPU = Release|Any CPU
	EndGlobalSection
	GlobalSection(ProjectConfigurationPlatforms) = postSolution
		{9C9EED79-9F01-4F1B-BC5A-B3E666DC6393}.Debug|Any CPU.ActiveCfg = Debug|Any CPU
		{9C9EED79-9F01-4F1B-BC5A-B3E666DC6393}.Debug|Any CPU.Build.0 = Debug|Any CPU
		{9C9EED79-9F01-4F1B-BC5A-B3E666DC6393}.Release|Any CPU.ActiveCfg = Release|Any CPU
		{9C9EED79-9F01-4F1B-BC5A-B3E666DC6393}.Release|Any CPU.Build.0 = Release|Any CPU
	EndGlobalSection
	GlobalSection(SolutionProperties) = preSolution
		HideSolutionNode = FALSE
	EndGlobalSection
	GlobalSection(ExtensibilityGlobals) = postSolution
		SolutionGuid = {62AF561F-F3B1-4E06-A897-7F5A9CCB804D}
	EndGlobalSection
EndGlobal
